
Microsoft Visual Studio Solution File, Format Version 12.00
# Visual Studio Version 17
VisualStudioVersion = 17.7.34031.279
MinimumVisualStudioVersion = 10.0.40219.1
Project("{9A19103F-16F7-4668-BE54-9A1E7A4F7556}") = "ReRPC", "ReRPC\ReRPC.csproj", "{140F2D06-E5B3-4E81-A561-15E4B479FFF1}"
EndProject
Project("{FAE04EC0-301F-11D3-BF4B-00C04F79EFBC}") = "ReRPC.Test", "ReRPC.Test\ReRPC.Test.csproj", "{F1141AF8-26C5-426E-B613-0E67C54FA3CD}"
EndProject
Global
	GlobalSection(SolutionConfigurationPlatforms) = preSolution
		Debug|Any CPU = Debug|Any CPU
		Release|Any CPU = Release|Any CPU
	EndGlobalSection
	GlobalSection(ProjectConfigurationPlatforms) = postSolution
		{140F2D06-E5B3-4E81-A561-15E4B479FFF1}.Debug|Any CPU.ActiveCfg = Debug|Any CPU
		{140F2D06-E5B3-4E81-A561-15E4B479FFF1}.Debug|Any CPU.Build.0 = Debug|Any CPU
		{140F2D06-E5B3-4E81-A561-15E4B479FFF1}.Release|Any CPU.ActiveCfg = Release|Any CPU
		{140F2D06-E5B3-4E81-A561-15E4B479FFF1}.Release|Any CPU.Build.0 = Release|Any CPU
		{F1141AF8-26C5-426E-B613-0E67C54FA3CD}.Debug|Any CPU.ActiveCfg = Debug|Any CPU
		{F1141AF8-26C5-426E-B613-0E67C54FA3CD}.Debug|Any CPU.Build.0 = Debug|Any CPU
		{F1141AF8-26C5-426E-B613-0E67C54FA3CD}.Release|Any CPU.ActiveCfg = Release|Any CPU
		{F1141AF8-26C5-426E-B613-0E67C54FA3CD}.Release|Any CPU.Build.0 = Release|Any CPU
	EndGlobalSection
	GlobalSection(SolutionProperties) = preSolution
		HideSolutionNode = FALSE
	EndGlobalSection
	GlobalSection(ExtensibilityGlobals) = postSolution
		SolutionGuid = {F0AB762D-6F6E-43EB-8BC5-B11E5B9EC4F8}
	EndGlobalSection
EndGlobal
